
Microsoft Visual Studio Solution File, Format Version 12.00
# Visual Studio 14
VisualStudioVersion = 14.0.25420.1
MinimumVisualStudioVersion = 10.0.40219.1
Project("{FAE04EC0-301F-11D3-BF4B-00C04F79EFBC}") = "PreECommerceApp.Droid", "PreECommerceApp\PreECommerceApp.Droid\PreECommerceApp.Droid.csproj", "{DAD9E085-8CB8-430A-A489-D776CF6349F4}"
EndProject
Project("{FAE04EC0-301F-11D3-BF4B-00C04F79EFBC}") = "PreECommerceApp.iOS", "PreECommerceApp\PreECommerceApp.iOS\PreECommerceApp.iOS.csproj", "{3C225569-9D9D-405C-B113-EB3CFC2552DE}"
EndProject
Project("{FAE04EC0-301F-11D3-BF4B-00C04F79EFBC}") = "PreECommerceApp.WinPhone", "PreECommerceApp\PreECommerceApp.WinPhone\PreECommerceApp.WinPhone.csproj", "{17E8EB43-EE6E-40CC-9F91-9C775CC76622}"
EndProject
Project("{FAE04EC0-301F-11D3-BF4B-00C04F79EFBC}") = "PreECommerceApp.UWP", "PreECommerceApp\PreECommerceApp.UWP\PreECommerceApp.UWP.csproj", "{55D6A646-2DC2-4944-9299-F42E92553BEA}"
EndProject
Project("{FAE04EC0-301F-11D3-BF4B-00C04F79EFBC}") = "PreECommerceApp.Windows", "PreECommerceApp\PreECommerceApp.Windows\PreECommerceApp.Windows.csproj", "{D295E537-C0C3-4DCA-947A-92175976F507}"
EndProject
Project("{FAE04EC0-301F-11D3-BF4B-00C04F79EFBC}") = "PreECommerceApp", "PreECommerceApp\PreECommerceApp\PreECommerceApp.csproj", "{721CF0F4-88F6-4F83-B678-4A3518458401}"
EndProject
Global
	GlobalSection(SolutionConfigurationPlatforms) = preSolution
		Ad-Hoc|Any CPU = Ad-Hoc|Any CPU
		Ad-Hoc|ARM = Ad-Hoc|ARM
		Ad-Hoc|iPhone = Ad-Hoc|iPhone
		Ad-Hoc|iPhoneSimulator = Ad-Hoc|iPhoneSimulator
		Ad-Hoc|x64 = Ad-Hoc|x64
		Ad-Hoc|x86 = Ad-Hoc|x86
		AppStore|Any CPU = AppStore|Any CPU
		AppStore|ARM = AppStore|ARM
		AppStore|iPhone = AppStore|iPhone
		AppStore|iPhoneSimulator = AppStore|iPhoneSimulator
		AppStore|x64 = AppStore|x64
		AppStore|x86 = AppStore|x86
		Debug|Any CPU = Debug|Any CPU
		Debug|ARM = Debug|ARM
		Debug|iPhone = Debug|iPhone
		Debug|iPhoneSimulator = Debug|iPhoneSimulator
		Debug|x64 = Debug|x64
		Debug|x86 = Debug|x86
		Release|Any CPU = Release|Any CPU
		Release|ARM = Release|ARM
		Release|iPhone = Release|iPhone
		Release|iPhoneSimulator = Release|iPhoneSimulator
		Release|x64 = Release|x64
		Release|x86 = Release|x86
	EndGlobalSection
	GlobalSection(ProjectConfigurationPlatforms) = postSolution
		{DAD9E085-8CB8-430A-A489-D776CF6349F4}.Ad-Hoc|Any CPU.ActiveCfg = Release|Any CPU
		{DAD9E085-8CB8-430A-A489-D776CF6349F4}.Ad-Hoc|Any CPU.Build.0 = Release|Any CPU
		{DAD9E085-8CB8-430A-A489-D776CF6349F4}.Ad-Hoc|Any CPU.Deploy.0 = Release|Any CPU
		{DAD9E085-8CB8-430A-A489-D776CF6349F4}.Ad-Hoc|ARM.ActiveCfg = Release|Any CPU
		{DAD9E085-8CB8-430A-A489-D776CF6349F4}.Ad-Hoc|ARM.Build.0 = Release|Any CPU
		{DAD9E085-8CB8-430A-A489-D776CF6349F4}.Ad-Hoc|ARM.Deploy.0 = Release|Any CPU
		{DAD9E085-8CB8-430A-A489-D776CF6349F4}.Ad-Hoc|iPhone.ActiveCfg = Release|Any CPU
		{DAD9E085-8CB8-430A-A489-D776CF6349F4}.Ad-Hoc|iPhone.Build.0 = Release|Any CPU
		{DAD9E085-8CB8-430A-A489-D776CF6349F4}.Ad-Hoc|iPhone.Deploy.0 = Release|Any CPU
		{DAD9E085-8CB8-430A-A489-D776CF6349F4}.Ad-Hoc|iPhoneSimulator.ActiveCfg = Release|Any CPU
		{DAD9E085-8CB8-430A-A489-D776CF6349F4}.Ad-Hoc|iPhoneSimulator.Build.0 = Release|Any CPU
		{DAD9E085-8CB8-430A-A489-D776CF6349F4}.Ad-Hoc|iPhoneSimulator.Deploy.0 = Release|Any CPU
		{DAD9E085-8CB8-430A-A489-D776CF6349F4}.Ad-Hoc|x64.ActiveCfg = Release|Any CPU
		{DAD9E085-8CB8-430A-A489-D776CF6349F4}.Ad-Hoc|x64.Build.0 = Release|Any CPU
		{DAD9E085-8CB8-430A-A489-D776CF6349F4}.Ad-Hoc|x64.Deploy.0 = Release|Any CPU
		{DAD9E085-8CB8-430A-A489-D776CF6349F4}.Ad-Hoc|x86.ActiveCfg = Release|Any CPU
		{DAD9E085-8CB8-430A-A489-D776CF6349F4}.Ad-Hoc|x86.Build.0 = Release|Any CPU
		{DAD9E085-8CB8-430A-A489-D776CF6349F4}.Ad-Hoc|x86.Deploy.0 = Release|Any CPU
		{DAD9E085-8CB8-430A-A489-D776CF6349F4}.AppStore|Any CPU.ActiveCfg = Release|Any CPU
		{DAD9E085-8CB8-430A-A489-D776CF6349F4}.AppStore|Any CPU.Build.0 = Release|Any CPU
		{DAD9E085-8CB8-430A-A489-D776CF6349F4}.AppStore|Any CPU.Deploy.0 = Release|Any CPU
		{DAD9E085-8CB8-430A-A489-D776CF6349F4}.AppStore|ARM.ActiveCfg = Release|Any CPU
		{DAD9E085-8CB8-430A-A489-D776CF6349F4}.AppStore|ARM.Build.0 = Release|Any CPU
		{DAD9E085-8CB8-430A-A489-D776CF6349F4}.AppStore|ARM.Deploy.0 = Release|Any CPU
		{DAD9E085-8CB8-430A-A489-D776CF6349F4}.AppStore|iPhone.ActiveCfg = Release|Any CPU
		{DAD9E085-8CB8-430A-A489-D776CF6349F4}.AppStore|iPhone.Build.0 = Release|Any CPU
		{DAD9E085-8CB8-430A-A489-D776CF6349F4}.AppStore|iPhone.Deploy.0 = Release|Any CPU
		{DAD9E085-8CB8-430A-A489-D776CF6349F4}.AppStore|iPhoneSimulator.ActiveCfg = Release|Any CPU
		{DAD9E085-8CB8-430A-A489-D776CF6349F4}.AppStore|iPhoneSimulator.Build.0 = Release|Any CPU
		{DAD9E085-8CB8-430A-A489-D776CF6349F4}.AppStore|iPhoneSimulator.Deploy.0 = Release|Any CPU
		{DAD9E085-8CB8-430A-A489-D776CF6349F4}.AppStore|x64.ActiveCfg = Release|Any CPU
		{DAD9E085-8CB8-430A-A489-D776CF6349F4}.AppStore|x64.Build.0 = Release|Any CPU
		{DAD9E085-8CB8-430A-A489-D776CF6349F4}.AppStore|x64.Deploy.0 = Release|Any CPU
		{DAD9E085-8CB8-430A-A489-D776CF6349F4}.AppStore|x86.ActiveCfg = Release|Any CPU
		{DAD9E085-8CB8-430A-A489-D776CF6349F4}.AppStore|x86.Build.0 = Release|Any CPU
		{DAD9E085-8CB8-430A-A489-D776CF6349F4}.AppStore|x86.Deploy.0 = Release|Any CPU
		{DAD9E085-8CB8-430A-A489-D776CF6349F4}.Debug|Any CPU.ActiveCfg = Debug|Any CPU
		{DAD9E085-8CB8-430A-A489-D776CF6349F4}.Debug|Any CPU.Build.0 = Debug|Any CPU
		{DAD9E085-8CB8-430A-A489-D776CF6349F4}.Debug|Any CPU.Deploy.0 = Debug|Any CPU
		{DAD9E085-8CB8-430A-A489-D776CF6349F4}.Debug|ARM.ActiveCfg = Debug|Any CPU
		{DAD9E085-8CB8-430A-A489-D776CF6349F4}.Debug|ARM.Build.0 = Debug|Any CPU
		{DAD9E085-8CB8-430A-A489-D776CF6349F4}.Debug|ARM.Deploy.0 = Debug|Any CPU
		{DAD9E085-8CB8-430A-A489-D776CF6349F4}.Debug|iPhone.ActiveCfg = Debug|Any CPU
		{DAD9E085-8CB8-430A-A489-D776CF6349F4}.Debug|iPhone.Build.0 = Debug|Any CPU
		{DAD9E085-8CB8-430A-A489-D776CF6349F4}.Debug|iPhone.Deploy.0 = Debug|Any CPU
		{DAD9E085-8CB8-430A-A489-D776CF6349F4}.Debug|iPhoneSimulator.ActiveCfg = Debug|Any CPU
		{DAD9E085-8CB8-430A-A489-D776CF6349F4}.Debug|iPhoneSimulator.Build.0 = Debug|Any CPU
		{DAD9E085-8CB8-430A-A489-D776CF6349F4}.Debug|iPhoneSimulator.Deploy.0 = Debug|Any CPU
		{DAD9E085-8CB8-430A-A489-D776CF6349F4}.Debug|x64.ActiveCfg = Debug|Any CPU
		{DAD9E085-8CB8-430A-A489-D776CF6349F4}.Debug|x64.Build.0 = Debug|Any CPU
		{DAD9E085-8CB8-430A-A489-D776CF6349F4}.Debug|x64.Deploy.0 = Debug|Any CPU
		{DAD9E085-8CB8-430A-A489-D776CF6349F4}.Debug|x86.ActiveCfg = Debug|Any CPU
		{DAD9E085-8CB8-430A-A489-D776CF6349F4}.Debug|x86.Build.0 = Debug|Any CPU
		{DAD9E085-8CB8-430A-A489-D776CF6349F4}.Debug|x86.Deploy.0 = Debug|Any CPU
		{DAD9E085-8CB8-430A-A489-D776CF6349F4}.Release|Any CPU.ActiveCfg = Release|Any CPU
		{DAD9E085-8CB8-430A-A489-D776CF6349F4}.Release|Any CPU.Build.0 = Release|Any CPU
		{DAD9E085-8CB8-430A-A489-D776CF6349F4}.Release|Any CPU.Deploy.0 = Release|Any CPU
		{DAD9E085-8CB8-430A-A489-D776CF6349F4}.Release|ARM.ActiveCfg = Release|Any CPU
		{DAD9E085-8CB8-430A-A489-D776CF6349F4}.Release|ARM.Build.0 = Release|Any CPU
		{DAD9E085-8CB8-430A-A489-D776CF6349F4}.Release|ARM.Deploy.0 = Release|Any CPU
		{DAD9E085-8CB8-430A-A489-D776CF6349F4}.Release|iPhone.ActiveCfg = Release|Any CPU
		{DAD9E085-8CB8-430A-A489-D776CF6349F4}.Release|iPhone.Build.0 = Release|Any CPU
		{DAD9E085-8CB8-430A-A489-D776CF6349F4}.Release|iPhone.Deploy.0 = Release|Any CPU
		{DAD9E085-8CB8-430A-A489-D776CF6349F4}.Release|iPhoneSimulator.ActiveCfg = Release|Any CPU
		{DAD9E085-8CB8-430A-A489-D776CF6349F4}.Release|iPhoneSimulator.Build.0 = Release|Any CPU
		{DAD9E085-8CB8-430A-A489-D776CF6349F4}.Release|iPhoneSimulator.Deploy.0 = Release|Any CPU
		{DAD9E085-8CB8-430A-A489-D776CF6349F4}.Release|x64.ActiveCfg = Release|Any CPU
		{DAD9E085-8CB8-430A-A489-D776CF6349F4}.Release|x64.Build.0 = Release|Any CPU
		{DAD9E085-8CB8-430A-A489-D776CF6349F4}.Release|x64.Deploy.0 = Release|Any CPU
		{DAD9E085-8CB8-430A-A489-D776CF6349F4}.Release|x86.ActiveCfg = Release|Any CPU
		{DAD9E085-8CB8-430A-A489-D776CF6349F4}.Release|x86.Build.0 = Release|Any CPU
		{DAD9E085-8CB8-430A-A489-D776CF6349F4}.Release|x86.Deploy.0 = Release|Any CPU
		{3C225569-9D9D-405C-B113-EB3CFC2552DE}.Ad-Hoc|Any CPU.ActiveCfg = Ad-Hoc|iPhone
		{3C225569-9D9D-405C-B113-EB3CFC2552DE}.Ad-Hoc|ARM.ActiveCfg = Ad-Hoc|iPhone
		{3C225569-9D9D-405C-B113-EB3CFC2552DE}.Ad-Hoc|iPhone.ActiveCfg = Ad-Hoc|iPhone
		{3C225569-9D9D-405C-B113-EB3CFC2552DE}.Ad-Hoc|iPhone.Build.0 = Ad-Hoc|iPhone
		{3C225569-9D9D-405C-B113-EB3CFC2552DE}.Ad-Hoc|iPhoneSimulator.ActiveCfg = Ad-Hoc|iPhoneSimulator
		{3C225569-9D9D-405C-B113-EB3CFC2552DE}.Ad-Hoc|iPhoneSimulator.Build.0 = Ad-Hoc|iPhoneSimulator
		{3C225569-9D9D-405C-B113-EB3CFC2552DE}.Ad-Hoc|x64.ActiveCfg = Ad-Hoc|iPhone
		{3C225569-9D9D-405C-B113-EB3CFC2552DE}.Ad-Hoc|x86.ActiveCfg = Ad-Hoc|iPhone
		{3C225569-9D9D-405C-B113-EB3CFC2552DE}.AppStore|Any CPU.ActiveCfg = AppStore|iPhone
		{3C225569-9D9D-405C-B113-EB3CFC2552DE}.AppStore|ARM.ActiveCfg = AppStore|iPhone
		{3C225569-9D9D-405C-B113-EB3CFC2552DE}.AppStore|iPhone.ActiveCfg = AppStore|iPhone
		{3C225569-9D9D-405C-B113-EB3CFC2552DE}.AppStore|iPhone.Build.0 = AppStore|iPhone
		{3C225569-9D9D-405C-B113-EB3CFC2552DE}.AppStore|iPhoneSimulator.ActiveCfg = AppStore|iPhoneSimulator
		{3C225569-9D9D-405C-B113-EB3CFC2552DE}.AppStore|iPhoneSimulator.Build.0 = AppStore|iPhoneSimulator
		{3C225569-9D9D-405C-B113-EB3CFC2552DE}.AppStore|x64.ActiveCfg = AppStore|iPhone
		{3C225569-9D9D-405C-B113-EB3CFC2552DE}.AppStore|x86.ActiveCfg = AppStore|iPhone
		{3C225569-9D9D-405C-B113-EB3CFC2552DE}.Debug|Any CPU.ActiveCfg = Debug|iPhone
		{3C225569-9D9D-405C-B113-EB3CFC2552DE}.Debug|ARM.ActiveCfg = Debug|iPhone
		{3C225569-9D9D-405C-B113-EB3CFC2552DE}.Debug|iPhone.ActiveCfg = Debug|iPhone
		{3C225569-9D9D-405C-B113-EB3CFC2552DE}.Debug|iPhone.Build.0 = Debug|iPhone
		{3C225569-9D9D-405C-B113-EB3CFC2552DE}.Debug|iPhoneSimulator.ActiveCfg = Debug|iPhoneSimulator
		{3C225569-9D9D-405C-B113-EB3CFC2552DE}.Debug|iPhoneSimulator.Build.0 = Debug|iPhoneSimulator
		{3C225569-9D9D-405C-B113-EB3CFC2552DE}.Debug|x64.ActiveCfg = Debug|iPhone
		{3C225569-9D9D-405C-B113-EB3CFC2552DE}.Debug|x86.ActiveCfg = Debug|iPhone
		{3C225569-9D9D-405C-B113-EB3CFC2552DE}.Release|Any CPU.ActiveCfg = Release|iPhone
		{3C225569-9D9D-405C-B113-EB3CFC2552DE}.Release|ARM.ActiveCfg = Release|iPhone
		{3C225569-9D9D-405C-B113-EB3CFC2552DE}.Release|iPhone.ActiveCfg = Release|iPhone
		{3C225569-9D9D-405C-B113-EB3CFC2552DE}.Release|iPhone.Build.0 = Release|iPhone
		{3C225569-9D9D-405C-B113-EB3CFC2552DE}.Release|iPhoneSimulator.ActiveCfg = Release|iPhoneSimulator
		{3C225569-9D9D-405C-B113-EB3CFC2552DE}.Release|iPhoneSimulator.Build.0 = Release|iPhoneSimulator
		{3C225569-9D9D-405C-B113-EB3CFC2552DE}.Release|x64.ActiveCfg = Release|iPhone
		{3C225569-9D9D-405C-B113-EB3CFC2552DE}.Release|x86.ActiveCfg = Release|iPhone
		{17E8EB43-EE6E-40CC-9F91-9C775CC76622}.Ad-Hoc|Any CPU.ActiveCfg = Release|Any CPU
		{17E8EB43-EE6E-40CC-9F91-9C775CC76622}.Ad-Hoc|Any CPU.Build.0 = Release|Any CPU
		{17E8EB43-EE6E-40CC-9F91-9C775CC76622}.Ad-Hoc|Any CPU.Deploy.0 = Release|Any CPU
		{17E8EB43-EE6E-40CC-9F91-9C775CC76622}.Ad-Hoc|ARM.ActiveCfg = Release|ARM
		{17E8EB43-EE6E-40CC-9F91-9C775CC76622}.Ad-Hoc|ARM.Build.0 = Release|ARM
		{17E8EB43-EE6E-40CC-9F91-9C775CC76622}.Ad-Hoc|ARM.Deploy.0 = Release|ARM
		{17E8EB43-EE6E-40CC-9F91-9C775CC76622}.Ad-Hoc|iPhone.ActiveCfg = Release|Any CPU
		{17E8EB43-EE6E-40CC-9F91-9C775CC76622}.Ad-Hoc|iPhone.Build.0 = Release|Any CPU
		{17E8EB43-EE6E-40CC-9F91-9C775CC76622}.Ad-Hoc|iPhone.Deploy.0 = Release|Any CPU
		{17E8EB43-EE6E-40CC-9F91-9C775CC76622}.Ad-Hoc|iPhoneSimulator.ActiveCfg = Release|Any CPU
		{17E8EB43-EE6E-40CC-9F91-9C775CC76622}.Ad-Hoc|iPhoneSimulator.Build.0 = Release|Any CPU
		{17E8EB43-EE6E-40CC-9F91-9C775CC76622}.Ad-Hoc|iPhoneSimulator.Deploy.0 = Release|Any CPU
		{17E8EB43-EE6E-40CC-9F91-9C775CC76622}.Ad-Hoc|x64.ActiveCfg = Release|Any CPU
		{17E8EB43-EE6E-40CC-9F91-9C775CC76622}.Ad-Hoc|x64.Build.0 = Release|Any CPU
		{17E8EB43-EE6E-40CC-9F91-9C775CC76622}.Ad-Hoc|x64.Deploy.0 = Release|Any CPU
		{17E8EB43-EE6E-40CC-9F91-9C775CC76622}.Ad-Hoc|x86.ActiveCfg = Release|x86
		{17E8EB43-EE6E-40CC-9F91-9C775CC76622}.Ad-Hoc|x86.Build.0 = Release|x86
		{17E8EB43-EE6E-40CC-9F91-9C775CC76622}.Ad-Hoc|x86.Deploy.0 = Release|x86
		{17E8EB43-EE6E-40CC-9F91-9C775CC76622}.AppStore|Any CPU.ActiveCfg = Release|Any CPU
		{17E8EB43-EE6E-40CC-9F91-9C775CC76622}.AppStore|Any CPU.Build.0 = Release|Any CPU
		{17E8EB43-EE6E-40CC-9F91-9C775CC76622}.AppStore|Any CPU.Deploy.0 = Release|Any CPU
		{17E8EB43-EE6E-40CC-9F91-9C775CC76622}.AppStore|ARM.ActiveCfg = Release|ARM
		{17E8EB43-EE6E-40CC-9F91-9C775CC76622}.AppStore|ARM.Build.0 = Release|ARM
		{17E8EB43-EE6E-40CC-9F91-9C775CC76622}.AppStore|ARM.Deploy.0 = Release|ARM
		{17E8EB43-EE6E-40CC-9F91-9C775CC76622}.AppStore|iPhone.ActiveCfg = Release|Any CPU
		{17E8EB43-EE6E-40CC-9F91-9C775CC76622}.AppStore|iPhone.Build.0 = Release|Any CPU
		{17E8EB43-EE6E-40CC-9F91-9C775CC76622}.AppStore|iPhone.Deploy.0 = Release|Any CPU
		{17E8EB43-EE6E-40CC-9F91-9C775CC76622}.AppStore|iPhoneSimulator.ActiveCfg = Release|Any CPU
		{17E8EB43-EE6E-40CC-9F91-9C775CC76622}.AppStore|iPhoneSimulator.Build.0 = Release|Any CPU
		{17E8EB43-EE6E-40CC-9F91-9C775CC76622}.AppStore|iPhoneSimulator.Deploy.0 = Release|Any CPU
		{17E8EB43-EE6E-40CC-9F91-9C775CC76622}.AppStore|x64.ActiveCfg = Release|Any CPU
		{17E8EB43-EE6E-40CC-9F91-9C775CC76622}.AppStore|x64.Build.0 = Release|Any CPU
		{17E8EB43-EE6E-40CC-9F91-9C775CC76622}.AppStore|x64.Deploy.0 = Release|Any CPU
		{17E8EB43-EE6E-40CC-9F91-9C775CC76622}.AppStore|x86.ActiveCfg = Release|x86
		{17E8EB43-EE6E-40CC-9F91-9C775CC76622}.AppStore|x86.Build.0 = Release|x86
		{17E8EB43-EE6E-40CC-9F91-9C775CC76622}.AppStore|x86.Deploy.0 = Release|x86
		{17E8EB43-EE6E-40CC-9F91-9C775CC76622}.Debug|Any CPU.ActiveCfg = Debug|Any CPU
		{17E8EB43-EE6E-40CC-9F91-9C775CC76622}.Debug|Any CPU.Build.0 = Debug|Any CPU
		{17E8EB43-EE6E-40CC-9F91-9C775CC76622}.Debug|Any CPU.Deploy.0 = Debug|Any CPU
		{17E8EB43-EE6E-40CC-9F91-9C775CC76622}.Debug|ARM.ActiveCfg = Debug|ARM
		{17E8EB43-EE6E-40CC-9F91-9C775CC76622}.Debug|ARM.Build.0 = Debug|ARM
		{17E8EB43-EE6E-40CC-9F91-9C775CC76622}.Debug|ARM.Deploy.0 = Debug|ARM
		{17E8EB43-EE6E-40CC-9F91-9C775CC76622}.Debug|iPhone.ActiveCfg = Debug|Any CPU
		{17E8EB43-EE6E-40CC-9F91-9C775CC76622}.Debug|iPhone.Build.0 = Debug|Any CPU
		{17E8EB43-EE6E-40CC-9F91-9C775CC76622}.Debug|iPhone.Deploy.0 = Debug|Any CPU
		{17E8EB43-EE6E-40CC-9F91-9C775CC76622}.Debug|iPhoneSimulator.ActiveCfg = Debug|Any CPU
		{17E8EB43-EE6E-40CC-9F91-9C775CC76622}.Debug|iPhoneSimulator.Build.0 = Debug|Any CPU
		{17E8EB43-EE6E-40CC-9F91-9C775CC76622}.Debug|iPhoneSimulator.Deploy.0 = Debug|Any CPU
		{17E8EB43-EE6E-40CC-9F91-9C775CC76622}.Debug|x64.ActiveCfg = Debug|Any CPU
		{17E8EB43-EE6E-40CC-9F91-9C775CC76622}.Debug|x64.Build.0 = Debug|Any CPU
		{17E8EB43-EE6E-40CC-9F91-9C775CC76622}.Debug|x64.Deploy.0 = Debug|Any CPU
		{17E8EB43-EE6E-40CC-9F91-9C775CC76622}.Debug|x86.ActiveCfg = Debug|x86
		{17E8EB43-EE6E-40CC-9F91-9C775CC76622}.Debug|x86.Build.0 = Debug|x86
		{17E8EB43-EE6E-40CC-9F91-9C775CC76622}.Debug|x86.Deploy.0 = Debug|x86
		{17E8EB43-EE6E-40CC-9F91-9C775CC76622}.Release|Any CPU.ActiveCfg = Release|Any CPU
		{17E8EB43-EE6E-40CC-9F91-9C775CC76622}.Release|Any CPU.Build.0 = Release|Any CPU
		{17E8EB43-EE6E-40CC-9F91-9C775CC76622}.Release|Any CPU.Deploy.0 = Release|Any CPU
		{17E8EB43-EE6E-40CC-9F91-9C775CC76622}.Release|ARM.ActiveCfg = Release|ARM
		{17E8EB43-EE6E-40CC-9F91-9C775CC76622}.Release|ARM.Build.0 = Release|ARM
		{17E8EB43-EE6E-40CC-9F91-9C775CC76622}.Release|ARM.Deploy.0 = Release|ARM
		{17E8EB43-EE6E-40CC-9F91-9C775CC76622}.Release|iPhone.ActiveCfg = Release|Any CPU
		{17E8EB43-EE6E-40CC-9F91-9C775CC76622}.Release|iPhone.Build.0 = Release|Any CPU
		{17E8EB43-EE6E-40CC-9F91-9C775CC76622}.Release|iPhone.Deploy.0 = Release|Any CPU
		{17E8EB43-EE6E-40CC-9F91-9C775CC76622}.Release|iPhoneSimulator.ActiveCfg = Release|Any CPU
		{17E8EB43-EE6E-40CC-9F91-9C775CC76622}.Release|iPhoneSimulator.Build.0 = Release|Any CPU
		{17E8EB43-EE6E-40CC-9F91-9C775CC76622}.Release|iPhoneSimulator.Deploy.0 = Release|Any CPU
		{17E8EB43-EE6E-40CC-9F91-9C775CC76622}.Release|x64.ActiveCfg = Release|Any CPU
		{17E8EB43-EE6E-40CC-9F91-9C775CC76622}.Release|x64.Build.0 = Release|Any CPU
		{17E8EB43-EE6E-40CC-9F91-9C775CC76622}.Release|x64.Deploy.0 = Release|Any CPU
		{17E8EB43-EE6E-40CC-9F91-9C775CC76622}.Release|x86.ActiveCfg = Release|x86
		{17E8EB43-EE6E-40CC-9F91-9C775CC76622}.Release|x86.Build.0 = Release|x86
		{17E8EB43-EE6E-40CC-9F91-9C775CC76622}.Release|x86.Deploy.0 = Release|x86
		{55D6A646-2DC2-4944-9299-F42E92553BEA}.Ad-Hoc|Any CPU.ActiveCfg = Release|x86
		{55D6A646-2DC2-4944-9299-F42E92553BEA}.Ad-Hoc|Any CPU.Build.0 = Release|x86
		{55D6A646-2DC2-4944-9299-F42E92553BEA}.Ad-Hoc|Any CPU.Deploy.0 = Release|x86
		{55D6A646-2DC2-4944-9299-F42E92553BEA}.Ad-Hoc|ARM.ActiveCfg = Release|ARM
		{55D6A646-2DC2-4944-9299-F42E92553BEA}.Ad-Hoc|ARM.Build.0 = Release|ARM
		{55D6A646-2DC2-4944-9299-F42E92553BEA}.Ad-Hoc|ARM.Deploy.0 = Release|ARM
		{55D6A646-2DC2-4944-9299-F42E92553BEA}.Ad-Hoc|iPhone.ActiveCfg = Release|x86
		{55D6A646-2DC2-4944-9299-F42E92553BEA}.Ad-Hoc|iPhone.Build.0 = Release|x86
		{55D6A646-2DC2-4944-9299-F42E92553BEA}.Ad-Hoc|iPhone.Deploy.0 = Release|x86
		{55D6A646-2DC2-4944-9299-F42E92553BEA}.Ad-Hoc|iPhoneSimulator.ActiveCfg = Release|x86
		{55D6A646-2DC2-4944-9299-F42E92553BEA}.Ad-Hoc|iPhoneSimulator.Build.0 = Release|x86
		{55D6A646-2DC2-4944-9299-F42E92553BEA}.Ad-Hoc|iPhoneSimulator.Deploy.0 = Release|x86
		{55D6A646-2DC2-4944-9299-F42E92553BEA}.Ad-Hoc|x64.ActiveCfg = Release|x64
		{55D6A646-2DC2-4944-9299-F42E92553BEA}.Ad-Hoc|x64.Build.0 = Release|x64
		{55D6A646-2DC2-4944-9299-F42E92553BEA}.Ad-Hoc|x64.Deploy.0 = Release|x64
		{55D6A646-2DC2-4944-9299-F42E92553BEA}.Ad-Hoc|x86.ActiveCfg = Release|x86
		{55D6A646-2DC2-4944-9299-F42E92553BEA}.Ad-Hoc|x86.Build.0 = Release|x86
		{55D6A646-2DC2-4944-9299-F42E92553BEA}.Ad-Hoc|x86.Deploy.0 = Release|x86
		{55D6A646-2DC2-4944-9299-F42E92553BEA}.AppStore|Any CPU.ActiveCfg = Release|x86
		{55D6A646-2DC2-4944-9299-F42E92553BEA}.AppStore|Any CPU.Build.0 = Release|x86
		{55D6A646-2DC2-4944-9299-F42E92553BEA}.AppStore|Any CPU.Deploy.0 = Release|x86
		{55D6A646-2DC2-4944-9299-F42E92553BEA}.AppStore|ARM.ActiveCfg = Release|ARM
		{55D6A646-2DC2-4944-9299-F42E92553BEA}.AppStore|ARM.Build.0 = Release|ARM
		{55D6A646-2DC2-4944-9299-F42E92553BEA}.AppStore|ARM.Deploy.0 = Release|ARM
		{55D6A646-2DC2-4944-9299-F42E92553BEA}.AppStore|iPhone.ActiveCfg = Release|x86
		{55D6A646-2DC2-4944-9299-F42E92553BEA}.AppStore|iPhone.Build.0 = Release|x86
		{55D6A646-2DC2-4944-9299-F42E92553BEA}.AppStore|iPhone.Deploy.0 = Release|x86
		{55D6A646-2DC2-4944-9299-F42E92553BEA}.AppStore|iPhoneSimulator.ActiveCfg = Release|x86
		{55D6A646-2DC2-4944-9299-F42E92553BEA}.AppStore|iPhoneSimulator.Build.0 = Release|x86
		{55D6A646-2DC2-4944-9299-F42E92553BEA}.AppStore|iPhoneSimulator.Deploy.0 = Release|x86
		{55D6A646-2DC2-4944-9299-F42E92553BEA}.AppStore|x64.ActiveCfg = Release|x64
		{55D6A646-2DC2-4944-9299-F42E92553BEA}.AppStore|x64.Build.0 = Release|x64
		{55D6A646-2DC2-4944-9299-F42E92553BEA}.AppStore|x64.Deploy.0 = Release|x64
		{55D6A646-2DC2-4944-9299-F42E92553BEA}.AppStore|x86.ActiveCfg = Release|x86
		{55D6A646-2DC2-4944-9299-F42E92553BEA}.AppStore|x86.Build.0 = Release|x86
		{55D6A646-2DC2-4944-9299-F42E92553BEA}.AppStore|x86.Deploy.0 = Release|x86
		{55D6A646-2DC2-4944-9299-F42E92553BEA}.Debug|Any CPU.ActiveCfg = Debug|x86
		{55D6A646-2DC2-4944-9299-F42E92553BEA}.Debug|ARM.ActiveCfg = Debug|ARM
		{55D6A646-2DC2-4944-9299-F42E92553BEA}.Debug|ARM.Build.0 = Debug|ARM
		{55D6A646-2DC2-4944-9299-F42E92553BEA}.Debug|ARM.Deploy.0 = Debug|ARM
		{55D6A646-2DC2-4944-9299-F42E92553BEA}.Debug|iPhone.ActiveCfg = Debug|x86
		{55D6A646-2DC2-4944-9299-F42E92553BEA}.Debug|iPhoneSimulator.ActiveCfg = Debug|x86
		{55D6A646-2DC2-4944-9299-F42E92553BEA}.Debug|x64.ActiveCfg = Debug|x64
		{55D6A646-2DC2-4944-9299-F42E92553BEA}.Debug|x64.Build.0 = Debug|x64
		{55D6A646-2DC2-4944-9299-F42E92553BEA}.Debug|x64.Deploy.0 = Debug|x64
		{55D6A646-2DC2-4944-9299-F42E92553BEA}.Debug|x86.ActiveCfg = Debug|x86
		{55D6A646-2DC2-4944-9299-F42E92553BEA}.Debug|x86.Build.0 = Debug|x86
		{55D6A646-2DC2-4944-9299-F42E92553BEA}.Debug|x86.Deploy.0 = Debug|x86
		{55D6A646-2DC2-4944-9299-F42E92553BEA}.Release|Any CPU.ActiveCfg = Release|x86
		{55D6A646-2DC2-4944-9299-F42E92553BEA}.Release|ARM.ActiveCfg = Release|ARM
		{55D6A646-2DC2-4944-9299-F42E92553BEA}.Release|ARM.Build.0 = Release|ARM
		{55D6A646-2DC2-4944-9299-F42E92553BEA}.Release|ARM.Deploy.0 = Release|ARM
		{55D6A646-2DC2-4944-9299-F42E92553BEA}.Release|iPhone.ActiveCfg = Release|x86
		{55D6A646-2DC2-4944-9299-F42E92553BEA}.Release|iPhoneSimulator.ActiveCfg = Release|x86
		{55D6A646-2DC2-4944-9299-F42E92553BEA}.Release|x64.ActiveCfg = Release|x64
		{55D6A646-2DC2-4944-9299-F42E92553BEA}.Release|x64.Build.0 = Release|x64
		{55D6A646-2DC2-4944-9299-F42E92553BEA}.Release|x64.Deploy.0 = Release|x64
		{55D6A646-2DC2-4944-9299-F42E92553BEA}.Release|x86.ActiveCfg = Release|x86
		{55D6A646-2DC2-4944-9299-F42E92553BEA}.Release|x86.Build.0 = Release|x86
		{55D6A646-2DC2-4944-9299-F42E92553BEA}.Release|x86.Deploy.0 = Release|x86
		{D295E537-C0C3-4DCA-947A-92175976F507}.Ad-Hoc|Any CPU.ActiveCfg = Release|Any CPU
		{D295E537-C0C3-4DCA-947A-92175976F507}.Ad-Hoc|Any CPU.Build.0 = Release|Any CPU
		{D295E537-C0C3-4DCA-947A-92175976F507}.Ad-Hoc|Any CPU.Deploy.0 = Release|Any CPU
		{D295E537-C0C3-4DCA-947A-92175976F507}.Ad-Hoc|ARM.ActiveCfg = Release|ARM
		{D295E537-C0C3-4DCA-947A-92175976F507}.Ad-Hoc|ARM.Build.0 = Release|ARM
		{D295E537-C0C3-4DCA-947A-92175976F507}.Ad-Hoc|ARM.Deploy.0 = Release|ARM
		{D295E537-C0C3-4DCA-947A-92175976F507}.Ad-Hoc|iPhone.ActiveCfg = Release|Any CPU
		{D295E537-C0C3-4DCA-947A-92175976F507}.Ad-Hoc|iPhone.Build.0 = Release|Any CPU
		{D295E537-C0C3-4DCA-947A-92175976F507}.Ad-Hoc|iPhone.Deploy.0 = Release|Any CPU
		{D295E537-C0C3-4DCA-947A-92175976F507}.Ad-Hoc|iPhoneSimulator.ActiveCfg = Release|Any CPU
		{D295E537-C0C3-4DCA-947A-92175976F507}.Ad-Hoc|iPhoneSimulator.Build.0 = Release|Any CPU
		{D295E537-C0C3-4DCA-947A-92175976F507}.Ad-Hoc|iPhoneSimulator.Deploy.0 = Release|Any CPU
		{D295E537-C0C3-4DCA-947A-92175976F507}.Ad-Hoc|x64.ActiveCfg = Release|x64
		{D295E537-C0C3-4DCA-947A-92175976F507}.Ad-Hoc|x64.Build.0 = Release|x64
		{D295E537-C0C3-4DCA-947A-92175976F507}.Ad-Hoc|x64.Deploy.0 = Release|x64
		{D295E537-C0C3-4DCA-947A-92175976F507}.Ad-Hoc|x86.ActiveCfg = Release|x86
		{D295E537-C0C3-4DCA-947A-92175976F507}.Ad-Hoc|x86.Build.0 = Release|x86
		{D295E537-C0C3-4DCA-947A-92175976F507}.Ad-Hoc|x86.Deploy.0 = Release|x86
		{D295E537-C0C3-4DCA-947A-92175976F507}.AppStore|Any CPU.ActiveCfg = Release|Any CPU
		{D295E537-C0C3-4DCA-947A-92175976F507}.AppStore|Any CPU.Build.0 = Release|Any CPU
		{D295E537-C0C3-4DCA-947A-92175976F507}.AppStore|Any CPU.Deploy.0 = Release|Any CPU
		{D295E537-C0C3-4DCA-947A-92175976F507}.AppStore|ARM.ActiveCfg = Release|ARM
		{D295E537-C0C3-4DCA-947A-92175976F507}.AppStore|ARM.Build.0 = Release|ARM
		{D295E537-C0C3-4DCA-947A-92175976F507}.AppStore|ARM.Deploy.0 = Release|ARM
		{D295E537-C0C3-4DCA-947A-92175976F507}.AppStore|iPhone.ActiveCfg = Release|Any CPU
		{D295E537-C0C3-4DCA-947A-92175976F507}.AppStore|iPhone.Build.0 = Release|Any CPU
		{D295E537-C0C3-4DCA-947A-92175976F507}.AppStore|iPhone.Deploy.0 = Release|Any CPU
		{D295E537-C0C3-4DCA-947A-92175976F507}.AppStore|iPhoneSimulator.ActiveCfg = Release|Any CPU
		{D295E537-C0C3-4DCA-947A-92175976F507}.AppStore|iPhoneSimulator.Build.0 = Release|Any CPU
		{D295E537-C0C3-4DCA-947A-92175976F507}.AppStore|iPhoneSimulator.Deploy.0 = Release|Any CPU
		{D295E537-C0C3-4DCA-947A-92175976F507}.AppStore|x64.ActiveCfg = Release|x64
		{D295E537-C0C3-4DCA-947A-92175976F507}.AppStore|x64.Build.0 = Release|x64
		{D295E537-C0C3-4DCA-947A-92175976F507}.AppStore|x64.Deploy.0 = Release|x64
		{D295E537-C0C3-4DCA-947A-92175976F507}.AppStore|x86.ActiveCfg = Release|x86
		{D295E537-C0C3-4DCA-947A-92175976F507}.AppStore|x86.Build.0 = Release|x86
		{D295E537-C0C3-4DCA-947A-92175976F507}.AppStore|x86.Deploy.0 = Release|x86
		{D295E537-C0C3-4DCA-947A-92175976F507}.Debug|Any CPU.ActiveCfg = Debug|Any CPU
		{D295E537-C0C3-4DCA-947A-92175976F507}.Debug|Any CPU.Build.0 = Debug|Any CPU
		{D295E537-C0C3-4DCA-947A-92175976F507}.Debug|Any CPU.Deploy.0 = Debug|Any CPU
		{D295E537-C0C3-4DCA-947A-92175976F507}.Debug|ARM.ActiveCfg = Debug|ARM
		{D295E537-C0C3-4DCA-947A-92175976F507}.Debug|ARM.Build.0 = Debug|ARM
		{D295E537-C0C3-4DCA-947A-92175976F507}.Debug|ARM.Deploy.0 = Debug|ARM
		{D295E537-C0C3-4DCA-947A-92175976F507}.Debug|iPhone.ActiveCfg = Debug|Any CPU
		{D295E537-C0C3-4DCA-947A-92175976F507}.Debug|iPhone.Build.0 = Debug|Any CPU
		{D295E537-C0C3-4DCA-947A-92175976F507}.Debug|iPhone.Deploy.0 = Debug|Any CPU
		{D295E537-C0C3-4DCA-947A-92175976F507}.Debug|iPhoneSimulator.ActiveCfg = Debug|Any CPU
		{D295E537-C0C3-4DCA-947A-92175976F507}.Debug|iPhoneSimulator.Build.0 = Debug|Any CPU
		{D295E537-C0C3-4DCA-947A-92175976F507}.Debug|iPhoneSimulator.Deploy.0 = Debug|Any CPU
		{D295E537-C0C3-4DCA-947A-92175976F507}.Debug|x64.ActiveCfg = Debug|x64
		{D295E537-C0C3-4DCA-947A-92175976F507}.Debug|x64.Build.0 = Debug|x64
		{D295E537-C0C3-4DCA-947A-92175976F507}.Debug|x64.Deploy.0 = Debug|x64
		{D295E537-C0C3-4DCA-947A-92175976F507}.Debug|x86.ActiveCfg = Debug|x86
		{D295E537-C0C3-4DCA-947A-92175976F507}.Debug|x86.Build.0 = Debug|x86
		{D295E537-C0C3-4DCA-947A-92175976F507}.Debug|x86.Deploy.0 = Debug|x86
		{D295E537-C0C3-4DCA-947A-92175976F507}.Release|Any CPU.ActiveCfg = Release|Any CPU
		{D295E537-C0C3-4DCA-947A-92175976F507}.Release|Any CPU.Build.0 = Release|Any CPU
		{D295E537-C0C3-4DCA-947A-92175976F507}.Release|Any CPU.Deploy.0 = Release|Any CPU
		{D295E537-C0C3-4DCA-947A-92175976F507}.Release|ARM.ActiveCfg = Release|ARM
		{D295E537-C0C3-4DCA-947A-92175976F507}.Release|ARM.Build.0 = Release|ARM
		{D295E537-C0C3-4DCA-947A-92175976F507}.Release|ARM.Deploy.0 = Release|ARM
		{D295E537-C0C3-4DCA-947A-92175976F507}.Release|iPhone.ActiveCfg = Release|Any CPU
		{D295E537-C0C3-4DCA-947A-92175976F507}.Release|iPhone.Build.0 = Release|Any CPU
		{D295E537-C0C3-4DCA-947A-92175976F507}.Release|iPhone.Deploy.0 = Release|Any CPU
		{D295E537-C0C3-4DCA-947A-92175976F507}.Release|iPhoneSimulator.ActiveCfg = Release|Any CPU
		{D295E537-C0C3-4DCA-947A-92175976F507}.Release|iPhoneSimulator.Build.0 = Release|Any CPU
		{D295E537-C0C3-4DCA-947A-92175976F507}.Release|iPhoneSimulator.Deploy.0 = Release|Any CPU
		{D295E537-C0C3-4DCA-947A-92175976F507}.Release|x64.ActiveCfg = Release|x64
		{D295E537-C0C3-4DCA-947A-92175976F507}.Release|x64.Build.0 = Release|x64
		{D295E537-C0C3-4DCA-947A-92175976F507}.Release|x64.Deploy.0 = Release|x64
		{D295E537-C0C3-4DCA-947A-92175976F507}.Release|x86.ActiveCfg = Release|x86
		{D295E537-C0C3-4DCA-947A-92175976F507}.Release|x86.Build.0 = Release|x86
		{D295E537-C0C3-4DCA-947A-92175976F507}.Release|x86.Deploy.0 = Release|x86
		{721CF0F4-88F6-4F83-B678-4A3518458401}.Ad-Hoc|Any CPU.ActiveCfg = Release|Any CPU
		{721CF0F4-88F6-4F83-B678-4A3518458401}.Ad-Hoc|Any CPU.Build.0 = Release|Any CPU
		{721CF0F4-88F6-4F83-B678-4A3518458401}.Ad-Hoc|ARM.ActiveCfg = Release|Any CPU
		{721CF0F4-88F6-4F83-B678-4A3518458401}.Ad-Hoc|ARM.Build.0 = Release|Any CPU
		{721CF0F4-88F6-4F83-B678-4A3518458401}.Ad-Hoc|iPhone.ActiveCfg = Release|Any CPU
		{721CF0F4-88F6-4F83-B678-4A3518458401}.Ad-Hoc|iPhone.Build.0 = Release|Any CPU
		{721CF0F4-88F6-4F83-B678-4A3518458401}.Ad-Hoc|iPhoneSimulator.ActiveCfg = Release|Any CPU
		{721CF0F4-88F6-4F83-B678-4A3518458401}.Ad-Hoc|iPhoneSimulator.Build.0 = Release|Any CPU
		{721CF0F4-88F6-4F83-B678-4A3518458401}.Ad-Hoc|x64.ActiveCfg = Release|Any CPU
		{721CF0F4-88F6-4F83-B678-4A3518458401}.Ad-Hoc|x64.Build.0 = Release|Any CPU
		{721CF0F4-88F6-4F83-B678-4A3518458401}.Ad-Hoc|x86.ActiveCfg = Release|Any CPU
		{721CF0F4-88F6-4F83-B678-4A3518458401}.Ad-Hoc|x86.Build.0 = Release|Any CPU
		{721CF0F4-88F6-4F83-B678-4A3518458401}.AppStore|Any CPU.ActiveCfg = Release|Any CPU
		{721CF0F4-88F6-4F83-B678-4A3518458401}.AppStore|Any CPU.Build.0 = Release|Any CPU
		{721CF0F4-88F6-4F83-B678-4A3518458401}.AppStore|ARM.ActiveCfg = Release|Any CPU
		{721CF0F4-88F6-4F83-B678-4A3518458401}.AppStore|ARM.Build.0 = Release|Any CPU
		{721CF0F4-88F6-4F83-B678-4A3518458401}.AppStore|iPhone.ActiveCfg = Release|Any CPU
		{721CF0F4-88F6-4F83-B678-4A3518458401}.AppStore|iPhone.Build.0 = Release|Any CPU
		{721CF0F4-88F6-4F83-B678-4A3518458401}.AppStore|iPhoneSimulator.ActiveCfg = Release|Any CPU
		{721CF0F4-88F6-4F83-B678-4A3518458401}.AppStore|iPhoneSimulator.Build.0 = Release|Any CPU
		{721CF0F4-88F6-4F83-B678-4A3518458401}.AppStore|x64.ActiveCfg = Release|Any CPU
		{721CF0F4-88F6-4F83-B678-4A3518458401}.AppStore|x64.Build.0 = Release|Any CPU
		{721CF0F4-88F6-4F83-B678-4A3518458401}.AppStore|x86.ActiveCfg = Release|Any CPU
		{721CF0F4-88F6-4F83-B678-4A3518458401}.AppStore|x86.Build.0 = Release|Any CPU
		{721CF0F4-88F6-4F83-B678-4A3518458401}.Debug|Any CPU.ActiveCfg = Debug|Any CPU
		{721CF0F4-88F6-4F83-B678-4A3518458401}.Debug|Any CPU.Build.0 = Debug|Any CPU
		{721CF0F4-88F6-4F83-B678-4A3518458401}.Debug|ARM.ActiveCfg = Debug|Any CPU
		{721CF0F4-88F6-4F83-B678-4A3518458401}.Debug|ARM.Build.0 = Debug|Any CPU
		{721CF0F4-88F6-4F83-B678-4A3518458401}.Debug|iPhone.ActiveCfg = Debug|Any CPU
		{721CF0F4-88F6-4F83-B678-4A3518458401}.Debug|iPhone.Build.0 = Debug|Any CPU
		{721CF0F4-88F6-4F83-B678-4A3518458401}.Debug|iPhoneSimulator.ActiveCfg = Debug|Any CPU
		{721CF0F4-88F6-4F83-B678-4A3518458401}.Debug|iPhoneSimulator.Build.0 = Debug|Any CPU
		{721CF0F4-88F6-4F83-B678-4A3518458401}.Debug|x64.ActiveCfg = Debug|Any CPU
		{721CF0F4-88F6-4F83-B678-4A3518458401}.Debug|x64.Build.0 = Debug|Any CPU
		{721CF0F4-88F6-4F83-B678-4A3518458401}.Debug|x86.ActiveCfg = Debug|Any CPU
		{721CF0F4-88F6-4F83-B678-4A3518458401}.Debug|x86.Build.0 = Debug|Any CPU
		{721CF0F4-88F6-4F83-B678-4A3518458401}.Release|Any CPU.ActiveCfg = Release|Any CPU
		{721CF0F4-88F6-4F83-B678-4A3518458401}.Release|Any CPU.Build.0 = Release|Any CPU
		{721CF0F4-88F6-4F83-B678-4A3518458401}.Release|ARM.ActiveCfg = Release|Any CPU
		{721CF0F4-88F6-4F83-B678-4A3518458401}.Release|ARM.Build.0 = Release|Any CPU
		{721CF0F4-88F6-4F83-B678-4A3518458401}.Release|iPhone.ActiveCfg = Release|Any CPU
		{721CF0F4-88F6-4F83-B678-4A3518458401}.Release|iPhone.Build.0 = Release|Any CPU
		{721CF0F4-88F6-4F83-B678-4A3518458401}.Release|iPhoneSimulator.ActiveCfg = Release|Any CPU
		{721CF0F4-88F6-4F83-B678-4A3518458401}.Release|iPhoneSimulator.Build.0 = Release|Any CPU
		{721CF0F4-88F6-4F83-B678-4A3518458401}.Release|x64.ActiveCfg = Release|Any CPU
		{721CF0F4-88F6-4F83-B678-4A3518458401}.Release|x64.Build.0 = Release|Any CPU
		{721CF0F4-88F6-4F83-B678-4A3518458401}.Release|x86.ActiveCfg = Release|Any CPU
		{721CF0F4-88F6-4F83-B678-4A3518458401}.Release|x86.Build.0 = Release|Any CPU
	EndGlobalSection
	GlobalSection(SolutionProperties) = preSolution
		HideSolutionNode = FALSE
	EndGlobalSection
EndGlobal
